{
  "name": "pdf-renamer",
  "version": "1.0.0",
  "lockfileVersion": 3,
  "requires": true,
  "packages": {
    "": {
      "name": "pdf-renamer",
      "version": "1.0.0",
      "license": "MIT",
      "bin": {
        "pdf-renamer": "pdf-renamer.js"
      },
      "engines": {
        "node": ">=22.0.0"
      }
    }
  }
}
